
Microsoft Visual Studio Solution File, Format Version 12.00
# Visual Studio Version 17
VisualStudioVersion = 17.9.34728.123
MinimumVisualStudioVersion = 10.0.40219.1
Project("{FAE04EC0-301F-11D3-BF4B-00C04F79EFBC}") = "Week15OOPAndFiles", "Week15\Week15OOPAndFiles.csproj", "{BDBD1D5E-340A-465D-AEB2-0DFEEF4FFB0B}"
EndProject
Global
	GlobalSection(SolutionConfigurationPlatforms) = preSolution
		Debug|Any CPU = Debug|Any CPU
		Release|Any CPU = Release|Any CPU
	EndGlobalSection
	GlobalSection(ProjectConfigurationPlatforms) = postSolution
		{BDBD1D5E-340A-465D-AEB2-0DFEEF4FFB0B}.Debug|Any CPU.ActiveCfg = Debug|Any CPU
		{BDBD1D5E-340A-465D-AEB2-0DFEEF4FFB0B}.Debug|Any CPU.Build.0 = Debug|Any CPU
		{BDBD1D5E-340A-465D-AEB2-0DFEEF4FFB0B}.Release|Any CPU.ActiveCfg = Release|Any CPU
		{BDBD1D5E-340A-465D-AEB2-0DFEEF4FFB0B}.Release|Any CPU.Build.0 = Release|Any CPU
	EndGlobalSection
	GlobalSection(SolutionProperties) = preSolution
		HideSolutionNode = FALSE
	EndGlobalSection
	GlobalSection(ExtensibilityGlobals) = postSolution
		SolutionGuid = {4F063D50-A050-45D6-95A7-26B85FBBF181}
	EndGlobalSection
EndGlobal
